
Microsoft Visual Studio Solution File, Format Version 12.00
# Visual Studio Version 17
VisualStudioVersion = 17.4.33110.190
MinimumVisualStudioVersion = 10.0.40219.1
Project("{FAE04EC0-301F-11D3-BF4B-00C04F79EFBC}") = "exercicio03-fixacao", "exercicio03-fixacao.csproj", "{CE084AC2-F432-46C8-9707-F064DDD9A854}"
EndProject
Global
	GlobalSection(SolutionConfigurationPlatforms) = preSolution
		Debug|Any CPU = Debug|Any CPU
		Release|Any CPU = Release|Any CPU
	EndGlobalSection
	GlobalSection(ProjectConfigurationPlatforms) = postSolution
		{CE084AC2-F432-46C8-9707-F064DDD9A854}.Debug|Any CPU.ActiveCfg = Debug|Any CPU
		{CE084AC2-F432-46C8-9707-F064DDD9A854}.Debug|Any CPU.Build.0 = Debug|Any CPU
		{CE084AC2-F432-46C8-9707-F064DDD9A854}.Release|Any CPU.ActiveCfg = Release|Any CPU
		{CE084AC2-F432-46C8-9707-F064DDD9A854}.Release|Any CPU.Build.0 = Release|Any CPU
	EndGlobalSection
	GlobalSection(SolutionProperties) = preSolution
		HideSolutionNode = FALSE
	EndGlobalSection
	GlobalSection(ExtensibilityGlobals) = postSolution
		SolutionGuid = {C4F1DB0B-5445-44F5-9660-973363A7A1FF}
	EndGlobalSection
EndGlobal
